// !$*UTF8*$!
{
	archiveVersion = 1;
	classes = {
	};
	objectVersion = 46;
	objects = {

/* Begin PBXBuildFile section */
		8E15992C1D3E98E60036F337 /* main.png in Resources */ = {isa = PBXBuildFile; fileRef = 8E15992B1D3E98E60036F337 /* main.png */; };
		8E2376861D3C6E4800C7CD80 /* Pen_64x64.png in Resources */ = {isa = PBXBuildFile; fileRef = 8E2376801D3C6E4800C7CD80 /* Pen_64x64.png */; };
		8E2376871D3C6E4800C7CD80 /* Pen_32x32.png in Resources */ = {isa = PBXBuildFile; fileRef = 8E2376811D3C6E4800C7CD80 /* Pen_32x32.png */; };
		8E2376881D3C6E4800C7CD80 /* Pen_16x16.png in Resources */ = {isa = PBXBuildFile; fileRef = 8E2376821D3C6E4800C7CD80 /* Pen_16x16.png */; };
		8E2376891D3C6E4800C7CD80 /* Message_64x64.png in Resources */ = {isa = PBXBuildFile; fileRef = 8E2376831D3C6E4800C7CD80 /* Message_64x64.png */; };
		8E23768A1D3C6E4800C7CD80 /* Message_32x32.png in Resources */ = {isa = PBXBuildFile; fileRef = 8E2376841D3C6E4800C7CD80 /* Message_32x32.png */; };
		8E23768B1D3C6E4800C7CD80 /* Message_16x16.png in Resources */ = {isa = PBXBuildFile; fileRef = 8E2376851D3C6E4800C7CD80 /* Message_16x16.png */; };
		8E2376E91D3CB28400C7CD80 /* Security.framework in Frameworks */ = {isa = PBXBuildFile; fileRef = 8E23767B1D3BE45000C7CD80 /* Security.framework */; };
		8E4DE4F71D3F1A89000094AF /* Launch Screen.storyboard in Resources */ = {isa = PBXBuildFile; fileRef = 8E4DE4F61D3F1A89000094AF /* Launch Screen.storyboard */; };
		8E4DE4FB1D3F63C6000094AF /* UserObject.m in Sources */ = {isa = PBXBuildFile; fileRef = 8E4DE4FA1D3F63C6000094AF /* UserObject.m */; };
		8E4DE4FE1D40588D000094AF /* MBFingerTipWindow.m in Sources */ = {isa = PBXBuildFile; fileRef = 8E4DE4FD1D40588D000094AF /* MBFingerTipWindow.m */; };
		8E4DE5011D424DCA000094AF /* KeychainItemWrapper.m in Sources */ = {isa = PBXBuildFile; fileRef = 8E4DE5001D424DCA000094AF /* KeychainItemWrapper.m */; };
		8E6BE7951D2E24210039AB7B /* underline.png in Resources */ = {isa = PBXBuildFile; fileRef = 8E6BE7941D2E24210039AB7B /* underline.png */; };
		8E6E25851D2A136B007799B3 /* main.m in Sources */ = {isa = PBXBuildFile; fileRef = 8E6E25841D2A136B007799B3 /* main.m */; };
		8E6E25881D2A136B007799B3 /* AppDelegate.m in Sources */ = {isa = PBXBuildFile; fileRef = 8E6E25871D2A136B007799B3 /* AppDelegate.m */; };
		8E6E258B1D2A136B007799B3 /* ViewController.m in Sources */ = {isa = PBXBuildFile; fileRef = 8E6E258A1D2A136B007799B3 /* ViewController.m */; };
		8E6E258E1D2A136B007799B3 /* Main.storyboard in Resources */ = {isa = PBXBuildFile; fileRef = 8E6E258C1D2A136B007799B3 /* Main.storyboard */; };
		8E6E25901D2A136B007799B3 /* Assets.xcassets in Resources */ = {isa = PBXBuildFile; fileRef = 8E6E258F1D2A136B007799B3 /* Assets.xcassets */; };
		8E6E259C1D2A1F69007799B3 /* FBSDKCoreKit.framework in Frameworks */ = {isa = PBXBuildFile; fileRef = 8E6E259A1D2A1F69007799B3 /* FBSDKCoreKit.framework */; };
		8E6E259D1D2A1F69007799B3 /* FBSDKLoginKit.framework in Frameworks */ = {isa = PBXBuildFile; fileRef = 8E6E259B1D2A1F69007799B3 /* FBSDKLoginKit.framework */; };
		8E6E259F1D2A2397007799B3 /* facebook-login.png in Resources */ = {isa = PBXBuildFile; fileRef = 8E6E259E1D2A2397007799B3 /* facebook-login.png */; };
		8E6E25A41D2A3A46007799B3 /* RequestObject.m in Sources */ = {isa = PBXBuildFile; fileRef = 8E6E25A31D2A3A46007799B3 /* RequestObject.m */; };
		8E6E25A61D2ABC9C007799B3 /* profile.png in Resources */ = {isa = PBXBuildFile; fileRef = 8E6E25A51D2ABC9C007799B3 /* profile.png */; };
		8E6E25A81D2AC0DC007799B3 /* add.png in Resources */ = {isa = PBXBuildFile; fileRef = 8E6E25A71D2AC0DC007799B3 /* add.png */; };
		8E6E25AB1D2AC24C007799B3 /* MainViewController.m in Sources */ = {isa = PBXBuildFile; fileRef = 8E6E25AA1D2AC24C007799B3 /* MainViewController.m */; };
		8E6E25B11D2AC39F007799B3 /* MainNavigationSegue.m in Sources */ = {isa = PBXBuildFile; fileRef = 8E6E25B01D2AC39F007799B3 /* MainNavigationSegue.m */; };
		8E6E25B41D2AC703007799B3 /* MostCommentedCollectionViewController.m in Sources */ = {isa = PBXBuildFile; fileRef = 8E6E25B31D2AC703007799B3 /* MostCommentedCollectionViewController.m */; };
		8E6E25B71D2AC72B007799B3 /* MyTagsCollectionViewController.m in Sources */ = {isa = PBXBuildFile; fileRef = 8E6E25B61D2AC72B007799B3 /* MyTagsCollectionViewController.m */; };
		8E6E25B91D2B7C83007799B3 /* facebook-logo.png in Resources */ = {isa = PBXBuildFile; fileRef = 8E6E25B81D2B7C83007799B3 /* facebook-logo.png */; };
		8E85CC081D3F053300508985 /* bang.png in Resources */ = {isa = PBXBuildFile; fileRef = 8E85CC071D3F053300508985 /* bang.png */; };
		8EA4800C1D3321F200512541 /* 1468215464_COCKTAIL.png in Resources */ = {isa = PBXBuildFile; fileRef = 8EA4800B1D3321F200512541 /* 1468215464_COCKTAIL.png */; };
		8EA480101D348E0800512541 /* cocktail-icon1.png in Resources */ = {isa = PBXBuildFile; fileRef = 8EA4800F1D348E0800512541 /* cocktail-icon1.png */; };
		8EBD6EFC1D389E96007C1F98 /* refresh.png in Resources */ = {isa = PBXBuildFile; fileRef = 8EBD6EFB1D389E96007C1F98 /* refresh.png */; };
		BF191C021D2CEF6C00FE6A9C /* SettingViewController.m in Sources */ = {isa = PBXBuildFile; fileRef = BF191BFD1D2CEF6C00FE6A9C /* SettingViewController.m */; };
		BF191C031D2CEF6C00FE6A9C /* SignInViewController.m in Sources */ = {isa = PBXBuildFile; fileRef = BF191BFF1D2CEF6C00FE6A9C /* SignInViewController.m */; };
		BF191C041D2CEF6C00FE6A9C /* WelcomeViewController.m in Sources */ = {isa = PBXBuildFile; fileRef = BF191C011D2CEF6C00FE6A9C /* WelcomeViewController.m */; };
		BF191C071D2CEF7800FE6A9C /* Main1.storyboard in Resources */ = {isa = PBXBuildFile; fileRef = BF191C051D2CEF7800FE6A9C /* Main1.storyboard */; };
		BF227EF01D3628DC0061AE24 /* WritePostViewController.m in Sources */ = {isa = PBXBuildFile; fileRef = BF227EEF1D3628DC0061AE24 /* WritePostViewController.m */; };
		BF94FB401D36AF2000B9FD9F /* alcohols.png in Resources */ = {isa = PBXBuildFile; fileRef = BF94FB3F1D36AF2000B9FD9F /* alcohols.png */; };
		BFAA690C1D3782CD003758CA /* sooljotta.com.cer in Resources */ = {isa = PBXBuildFile; fileRef = BFAA690B1D3782CD003758CA /* sooljotta.com.cer */; };
		BFC1510B1D34A36100ACF71B /* EditMyTagsViewController.m in Sources */ = {isa = PBXBuildFile; fileRef = BFC1510A1D34A36100ACF71B /* EditMyTagsViewController.m */; };
		BFC1510E1D34E4B700ACF71B /* CircleImageView.m in Sources */ = {isa = PBXBuildFile; fileRef = BFC1510D1D34E4B700ACF71B /* CircleImageView.m */; };
		BFF745341D2CFA3D002E6D0B /* Profile1.png in Resources */ = {isa = PBXBuildFile; fileRef = BFF745331D2CFA3D002E6D0B /* Profile1.png */; };
		CE5B5BC248424C1BD86384B1 /* libPods-sooljottagrae.a in Frameworks */ = {isa = PBXBuildFile; fileRef = FA01757F81E3F4E5374C06DE /* libPods-sooljottagrae.a */; };
/* End PBXBuildFile section */

/* Begin PBXFileReference section */
		7D328FA704C1AAD3653537A9 /* Pods-sooljottagrae.release.xcconfig */ = {isa = PBXFileReference; includeInIndex = 1; lastKnownFileType = text.xcconfig; name = "Pods-sooljottagrae.release.xcconfig"; path = "Pods/Target Support Files/Pods-sooljottagrae/Pods-sooljottagrae.release.xcconfig"; sourceTree = "<group>"; };
		8E15992B1D3E98E60036F337 /* main.png */ = {isa = PBXFileReference; lastKnownFileType = image.png; name = main.png; path = ../../../../Downloads/main.png; sourceTree = "<group>"; };
		8E23767B1D3BE45000C7CD80 /* Security.framework */ = {isa = PBXFileReference; lastKnownFileType = wrapper.framework; name = Security.framework; path = System/Library/Frameworks/Security.framework; sourceTree = SDKROOT; };
		8E2376801D3C6E4800C7CD80 /* Pen_64x64.png */ = {isa = PBXFileReference; lastKnownFileType = image.png; name = Pen_64x64.png; path = ../../../../Downloads/Pen_64x64.png; sourceTree = "<group>"; };
		8E2376811D3C6E4800C7CD80 /* Pen_32x32.png */ = {isa = PBXFileReference; lastKnownFileType = image.png; name = Pen_32x32.png; path = ../../../../Downloads/Pen_32x32.png; sourceTree = "<group>"; };
		8E2376821D3C6E4800C7CD80 /* Pen_16x16.png */ = {isa = PBXFileReference; lastKnownFileType = image.png; name = Pen_16x16.png; path = ../../../../Downloads/Pen_16x16.png; sourceTree = "<group>"; };
		8E2376831D3C6E4800C7CD80 /* Message_64x64.png */ = {isa = PBXFileReference; lastKnownFileType = image.png; name = Message_64x64.png; path = ../../../../Downloads/Message_64x64.png; sourceTree = "<group>"; };
		8E2376841D3C6E4800C7CD80 /* Message_32x32.png */ = {isa = PBXFileReference; lastKnownFileType = image.png; name = Message_32x32.png; path = ../../../../Downloads/Message_32x32.png; sourceTree = "<group>"; };
		8E2376851D3C6E4800C7CD80 /* Message_16x16.png */ = {isa = PBXFileReference; lastKnownFileType = image.png; name = Message_16x16.png; path = ../../../../Downloads/Message_16x16.png; sourceTree = "<group>"; };
		8E4DE4F61D3F1A89000094AF /* Launch Screen.storyboard */ = {isa = PBXFileReference; fileEncoding = 4; lastKnownFileType = file.storyboard; name = "Launch Screen.storyboard"; path = "../Launch Screen.storyboard"; sourceTree = "<group>"; };
		8E4DE4F91D3F63C6000094AF /* UserObject.h */ = {isa = PBXFileReference; fileEncoding = 4; lastKnownFileType = sourcecode.c.h; path = UserObject.h; sourceTree = "<group>"; };
		8E4DE4FA1D3F63C6000094AF /* UserObject.m */ = {isa = PBXFileReference; fileEncoding = 4; lastKnownFileType = sourcecode.c.objc; path = UserObject.m; sourceTree = "<group>"; };
		8E4DE4FC1D40588D000094AF /* MBFingerTipWindow.h */ = {isa = PBXFileReference; fileEncoding = 4; lastKnownFileType = sourcecode.c.h; name = MBFingerTipWindow.h; path = "../../../../../Downloads/Fingertips-master/Fingertips-master/MBFingerTipWindow.h"; sourceTree = "<group>"; };
		8E4DE4FD1D40588D000094AF /* MBFingerTipWindow.m */ = {isa = PBXFileReference; fileEncoding = 4; lastKnownFileType = sourcecode.c.objc; name = MBFingerTipWindow.m; path = "../../../../../Downloads/Fingertips-master/Fingertips-master/MBFingerTipWindow.m"; sourceTree = "<group>"; };
		8E4DE4FF1D424DCA000094AF /* KeychainItemWrapper.h */ = {isa = PBXFileReference; fileEncoding = 4; lastKnownFileType = sourcecode.c.h; path = KeychainItemWrapper.h; sourceTree = "<group>"; };
		8E4DE5001D424DCA000094AF /* KeychainItemWrapper.m */ = {isa = PBXFileReference; fileEncoding = 4; lastKnownFileType = sourcecode.c.objc; path = KeychainItemWrapper.m; sourceTree = "<group>"; };
		8E6BE7941D2E24210039AB7B /* underline.png */ = {isa = PBXFileReference; lastKnownFileType = image.png; path = underline.png; sourceTree = "<group>"; };
		8E6E25801D2A136A007799B3 /* 술조타그래_테스트.app */ = {isa = PBXFileReference; explicitFileType = wrapper.application; includeInIndex = 0; path = "술조타그래_테스트.app"; sourceTree = BUILT_PRODUCTS_DIR; };
		8E6E25841D2A136B007799B3 /* main.m */ = {isa = PBXFileReference; lastKnownFileType = sourcecode.c.objc; path = main.m; sourceTree = "<group>"; };
		8E6E25861D2A136B007799B3 /* AppDelegate.h */ = {isa = PBXFileReference; lastKnownFileType = sourcecode.c.h; path = AppDelegate.h; sourceTree = "<group>"; };
		8E6E25871D2A136B007799B3 /* AppDelegate.m */ = {isa = PBXFileReference; lastKnownFileType = sourcecode.c.objc; path = AppDelegate.m; sourceTree = "<group>"; };
		8E6E25891D2A136B007799B3 /* ViewController.h */ = {isa = PBXFileReference; lastKnownFileType = sourcecode.c.h; path = ViewController.h; sourceTree = "<group>"; };
		8E6E258A1D2A136B007799B3 /* ViewController.m */ = {isa = PBXFileReference; lastKnownFileType = sourcecode.c.objc; path = ViewController.m; sourceTree = "<group>"; };
		8E6E258D1D2A136B007799B3 /* Base */ = {isa = PBXFileReference; lastKnownFileType = file.storyboard; name = Base; path = Base.lproj/Main.storyboard; sourceTree = "<group>"; };
		8E6E258F1D2A136B007799B3 /* Assets.xcassets */ = {isa = PBXFileReference; lastKnownFileType = folder.assetcatalog; name = Assets.xcassets; path = sooljottagrae/Assets.xcassets; sourceTree = "<group>"; };
		8E6E25941D2A136B007799B3 /* Info.plist */ = {isa = PBXFileReference; lastKnownFileType = text.plist.xml; path = Info.plist; sourceTree = "<group>"; };
		8E6E259A1D2A1F69007799B3 /* FBSDKCoreKit.framework */ = {isa = PBXFileReference; lastKnownFileType = wrapper.framework; path = FBSDKCoreKit.framework; sourceTree = "<group>"; };
		8E6E259B1D2A1F69007799B3 /* FBSDKLoginKit.framework */ = {isa = PBXFileReference; lastKnownFileType = wrapper.framework; path = FBSDKLoginKit.framework; sourceTree = "<group>"; };
		8E6E259E1D2A2397007799B3 /* facebook-login.png */ = {isa = PBXFileReference; lastKnownFileType = image.png; path = "facebook-login.png"; sourceTree = "<group>"; };
		8E6E25A11D2A2F35007799B3 /* sooljottagrae-Prefix.pch */ = {isa = PBXFileReference; lastKnownFileType = sourcecode.c.h; path = "sooljottagrae-Prefix.pch"; sourceTree = SOURCE_ROOT; };
		8E6E25A21D2A3A46007799B3 /* RequestObject.h */ = {isa = PBXFileReference; fileEncoding = 4; lastKnownFileType = sourcecode.c.h; path = RequestObject.h; sourceTree = "<group>"; };
		8E6E25A31D2A3A46007799B3 /* RequestObject.m */ = {isa = PBXFileReference; fileEncoding = 4; lastKnownFileType = sourcecode.c.objc; path = RequestObject.m; sourceTree = "<group>"; };
		8E6E25A51D2ABC9C007799B3 /* profile.png */ = {isa = PBXFileReference; lastKnownFileType = image.png; path = profile.png; sourceTree = "<group>"; };
		8E6E25A71D2AC0DC007799B3 /* add.png */ = {isa = PBXFileReference; lastKnownFileType = image.png; path = add.png; sourceTree = "<group>"; };
		8E6E25A91D2AC24C007799B3 /* MainViewController.h */ = {isa = PBXFileReference; fileEncoding = 4; lastKnownFileType = sourcecode.c.h; path = MainViewController.h; sourceTree = "<group>"; };
		8E6E25AA1D2AC24C007799B3 /* MainViewController.m */ = {isa = PBXFileReference; fileEncoding = 4; lastKnownFileType = sourcecode.c.objc; path = MainViewController.m; sourceTree = "<group>"; };
		8E6E25AF1D2AC39F007799B3 /* MainNavigationSegue.h */ = {isa = PBXFileReference; fileEncoding = 4; lastKnownFileType = sourcecode.c.h; path = MainNavigationSegue.h; sourceTree = "<group>"; };
		8E6E25B01D2AC39F007799B3 /* MainNavigationSegue.m */ = {isa = PBXFileReference; fileEncoding = 4; lastKnownFileType = sourcecode.c.objc; path = MainNavigationSegue.m; sourceTree = "<group>"; };
		8E6E25B21D2AC703007799B3 /* MostCommentedCollectionViewController.h */ = {isa = PBXFileReference; fileEncoding = 4; lastKnownFileType = sourcecode.c.h; path = MostCommentedCollectionViewController.h; sourceTree = "<group>"; };
		8E6E25B31D2AC703007799B3 /* MostCommentedCollectionViewController.m */ = {isa = PBXFileReference; fileEncoding = 4; lastKnownFileType = sourcecode.c.objc; path = MostCommentedCollectionViewController.m; sourceTree = "<group>"; };
		8E6E25B51D2AC72B007799B3 /* MyTagsCollectionViewController.h */ = {isa = PBXFileReference; fileEncoding = 4; lastKnownFileType = sourcecode.c.h; path = MyTagsCollectionViewController.h; sourceTree = "<group>"; };
		8E6E25B61D2AC72B007799B3 /* MyTagsCollectionViewController.m */ = {isa = PBXFileReference; fileEncoding = 4; lastKnownFileType = sourcecode.c.objc; path = MyTagsCollectionViewController.m; sourceTree = "<group>"; };
		8E6E25B81D2B7C83007799B3 /* facebook-logo.png */ = {isa = PBXFileReference; lastKnownFileType = image.png; path = "facebook-logo.png"; sourceTree = "<group>"; };
		8E85CC071D3F053300508985 /* bang.png */ = {isa = PBXFileReference; lastKnownFileType = image.png; name = bang.png; path = ../../../../Documents/bang.png; sourceTree = "<group>"; };
		8EA4800B1D3321F200512541 /* 1468215464_COCKTAIL.png */ = {isa = PBXFileReference; lastKnownFileType = image.png; path = 1468215464_COCKTAIL.png; sourceTree = "<group>"; };
		8EA4800F1D348E0800512541 /* cocktail-icon1.png */ = {isa = PBXFileReference; lastKnownFileType = image.png; path = "cocktail-icon1.png"; sourceTree = "<group>"; };
		8EBD6EFB1D389E96007C1F98 /* refresh.png */ = {isa = PBXFileReference; lastKnownFileType = image.png; path = refresh.png; sourceTree = "<group>"; };
		B15C28FFCD9018C7E98D18E8 /* Pods-sooljottagrae.debug.xcconfig */ = {isa = PBXFileReference; includeInIndex = 1; lastKnownFileType = text.xcconfig; name = "Pods-sooljottagrae.debug.xcconfig"; path = "Pods/Target Support Files/Pods-sooljottagrae/Pods-sooljottagrae.debug.xcconfig"; sourceTree = "<group>"; };
		BF191BFC1D2CEF6C00FE6A9C /* SettingViewController.h */ = {isa = PBXFileReference; fileEncoding = 4; lastKnownFileType = sourcecode.c.h; path = SettingViewController.h; sourceTree = "<group>"; };
		BF191BFD1D2CEF6C00FE6A9C /* SettingViewController.m */ = {isa = PBXFileReference; fileEncoding = 4; lastKnownFileType = sourcecode.c.objc; path = SettingViewController.m; sourceTree = "<group>"; };
		BF191BFE1D2CEF6C00FE6A9C /* SignInViewController.h */ = {isa = PBXFileReference; fileEncoding = 4; lastKnownFileType = sourcecode.c.h; path = SignInViewController.h; sourceTree = "<group>"; };
		BF191BFF1D2CEF6C00FE6A9C /* SignInViewController.m */ = {isa = PBXFileReference; fileEncoding = 4; lastKnownFileType = sourcecode.c.objc; path = SignInViewController.m; sourceTree = "<group>"; };
		BF191C001D2CEF6C00FE6A9C /* WelcomeViewController.h */ = {isa = PBXFileReference; fileEncoding = 4; lastKnownFileType = sourcecode.c.h; path = WelcomeViewController.h; sourceTree = "<group>"; };
		BF191C011D2CEF6C00FE6A9C /* WelcomeViewController.m */ = {isa = PBXFileReference; fileEncoding = 4; lastKnownFileType = sourcecode.c.objc; path = WelcomeViewController.m; sourceTree = "<group>"; };
		BF191C061D2CEF7800FE6A9C /* Base */ = {isa = PBXFileReference; lastKnownFileType = file.storyboard; name = Base; path = Base.lproj/Main1.storyboard; sourceTree = "<group>"; };
		BF227EEE1D3628DC0061AE24 /* WritePostViewController.h */ = {isa = PBXFileReference; fileEncoding = 4; lastKnownFileType = sourcecode.c.h; path = WritePostViewController.h; sourceTree = "<group>"; };
		BF227EEF1D3628DC0061AE24 /* WritePostViewController.m */ = {isa = PBXFileReference; fileEncoding = 4; lastKnownFileType = sourcecode.c.objc; path = WritePostViewController.m; sourceTree = "<group>"; };
		BF94FB3F1D36AF2000B9FD9F /* alcohols.png */ = {isa = PBXFileReference; lastKnownFileType = image.png; path = alcohols.png; sourceTree = "<group>"; };
		BFAA690B1D3782CD003758CA /* sooljotta.com.cer */ = {isa = PBXFileReference; lastKnownFileType = file; path = sooljotta.com.cer; sourceTree = "<group>"; };
		BFC151091D34A36100ACF71B /* EditMyTagsViewController.h */ = {isa = PBXFileReference; fileEncoding = 4; lastKnownFileType = sourcecode.c.h; path = EditMyTagsViewController.h; sourceTree = "<group>"; };
		BFC1510A1D34A36100ACF71B /* EditMyTagsViewController.m */ = {isa = PBXFileReference; fileEncoding = 4; lastKnownFileType = sourcecode.c.objc; path = EditMyTagsViewController.m; sourceTree = "<group>"; };
		BFC1510C1D34E4B700ACF71B /* CircleImageView.h */ = {isa = PBXFileReference; fileEncoding = 4; lastKnownFileType = sourcecode.c.h; path = CircleImageView.h; sourceTree = "<group>"; };
		BFC1510D1D34E4B700ACF71B /* CircleImageView.m */ = {isa = PBXFileReference; fileEncoding = 4; lastKnownFileType = sourcecode.c.objc; path = CircleImageView.m; sourceTree = "<group>"; };
		BFF745331D2CFA3D002E6D0B /* Profile1.png */ = {isa = PBXFileReference; lastKnownFileType = image.png; path = Profile1.png; sourceTree = "<group>"; };
		FA01757F81E3F4E5374C06DE /* libPods-sooljottagrae.a */ = {isa = PBXFileReference; explicitFileType = archive.ar; includeInIndex = 0; path = "libPods-sooljottagrae.a"; sourceTree = BUILT_PRODUCTS_DIR; };
/* End PBXFileReference section */

/* Begin PBXFrameworksBuildPhase section */
		8E6E257D1D2A136A007799B3 /* Frameworks */ = {
			isa = PBXFrameworksBuildPhase;
			buildActionMask = 2147483647;
			files = (
				8E2376E91D3CB28400C7CD80 /* Security.framework in Frameworks */,
				CE5B5BC248424C1BD86384B1 /* libPods-sooljottagrae.a in Frameworks */,
				8E6E259C1D2A1F69007799B3 /* FBSDKCoreKit.framework in Frameworks */,
				8E6E259D1D2A1F69007799B3 /* FBSDKLoginKit.framework in Frameworks */,
			);
			runOnlyForDeploymentPostprocessing = 0;
		};
/* End PBXFrameworksBuildPhase section */

/* Begin PBXGroup section */
		5BA2F018FC3D06BD79E0FCDD /* Pods */ = {
			isa = PBXGroup;
			children = (
				B15C28FFCD9018C7E98D18E8 /* Pods-sooljottagrae.debug.xcconfig */,
				7D328FA704C1AAD3653537A9 /* Pods-sooljottagrae.release.xcconfig */,
			);
			name = Pods;
			sourceTree = "<group>";
		};
		5E80DCF8B6E061008AFFF2DC /* Frameworks */ = {
			isa = PBXGroup;
			children = (
				8E23767B1D3BE45000C7CD80 /* Security.framework */,
				8E6E259A1D2A1F69007799B3 /* FBSDKCoreKit.framework */,
				8E6E259B1D2A1F69007799B3 /* FBSDKLoginKit.framework */,
				FA01757F81E3F4E5374C06DE /* libPods-sooljottagrae.a */,
			);
			name = Frameworks;
			sourceTree = "<group>";
		};
		8E1599281D3DE5690036F337 /* Login */ = {
			isa = PBXGroup;
			children = (
				8E4DE4FF1D424DCA000094AF /* KeychainItemWrapper.h */,
				8E4DE5001D424DCA000094AF /* KeychainItemWrapper.m */,
				BFAA690B1D3782CD003758CA /* sooljotta.com.cer */,
				8E6E25891D2A136B007799B3 /* ViewController.h */,
				8E6E258A1D2A136B007799B3 /* ViewController.m */,
			);
			name = Login;
			sourceTree = "<group>";
		};
		8E1599291D3DE5AA0036F337 /* Main */ = {
			isa = PBXGroup;
			children = (
				8E6E25A91D2AC24C007799B3 /* MainViewController.h */,
				8E6E25AA1D2AC24C007799B3 /* MainViewController.m */,
				8E6E25B21D2AC703007799B3 /* MostCommentedCollectionViewController.h */,
				8E6E25B31D2AC703007799B3 /* MostCommentedCollectionViewController.m */,
				8E6E25B51D2AC72B007799B3 /* MyTagsCollectionViewController.h */,
				8E6E25B61D2AC72B007799B3 /* MyTagsCollectionViewController.m */,
				8E6E25AF1D2AC39F007799B3 /* MainNavigationSegue.h */,
				8E6E25B01D2AC39F007799B3 /* MainNavigationSegue.m */,
			);
			name = Main;
			sourceTree = "<group>";
		};
		8E15992A1D3DE5B10036F337 /* Sub */ = {
			isa = PBXGroup;
			children = (
				BF191BFC1D2CEF6C00FE6A9C /* SettingViewController.h */,
				BF191BFD1D2CEF6C00FE6A9C /* SettingViewController.m */,
				BF191BFE1D2CEF6C00FE6A9C /* SignInViewController.h */,
				BF191BFF1D2CEF6C00FE6A9C /* SignInViewController.m */,
				BFC1510C1D34E4B700ACF71B /* CircleImageView.h */,
				BFC1510D1D34E4B700ACF71B /* CircleImageView.m */,
				BF191C001D2CEF6C00FE6A9C /* WelcomeViewController.h */,
				BF191C011D2CEF6C00FE6A9C /* WelcomeViewController.m */,
				BFC151091D34A36100ACF71B /* EditMyTagsViewController.h */,
				BFC1510A1D34A36100ACF71B /* EditMyTagsViewController.m */,
				BF227EEE1D3628DC0061AE24 /* WritePostViewController.h */,
				BF227EEF1D3628DC0061AE24 /* WritePostViewController.m */,
			);
			name = Sub;
			sourceTree = "<group>";
		};
		8E4DE4F81D3F638A000094AF /* Model */ = {
			isa = PBXGroup;
			children = (
				8E6E25A21D2A3A46007799B3 /* RequestObject.h */,
				8E6E25A31D2A3A46007799B3 /* RequestObject.m */,
				8E4DE4F91D3F63C6000094AF /* UserObject.h */,
				8E4DE4FA1D3F63C6000094AF /* UserObject.m */,
			);
			name = Model;
			sourceTree = "<group>";
		};
		8E6E25771D2A136A007799B3 = {
			isa = PBXGroup;
			children = (
				8E6E25821D2A136A007799B3 /* sooljottagrae */,
				8E6E25811D2A136A007799B3 /* Products */,
				5BA2F018FC3D06BD79E0FCDD /* Pods */,
				5E80DCF8B6E061008AFFF2DC /* Frameworks */,
			);
			sourceTree = "<group>";
		};
		8E6E25811D2A136A007799B3 /* Products */ = {
			isa = PBXGroup;
			children = (
				8E6E25801D2A136A007799B3 /* 술조타그래_테스트.app */,
			);
			name = Products;
			sourceTree = "<group>";
		};
		8E6E25821D2A136A007799B3 /* sooljottagrae */ = {
			isa = PBXGroup;
			children = (
				8E6E25861D2A136B007799B3 /* AppDelegate.h */,
				8E6E25871D2A136B007799B3 /* AppDelegate.m */,
				8E6E258C1D2A136B007799B3 /* Main.storyboard */,
				BF191C051D2CEF7800FE6A9C /* Main1.storyboard */,
				8E4DE4F61D3F1A89000094AF /* Launch Screen.storyboard */,
				8E6E25941D2A136B007799B3 /* Info.plist */,
				8E6E25A11D2A2F35007799B3 /* sooljottagrae-Prefix.pch */,
				8E4DE4F81D3F638A000094AF /* Model */,
				8E6E25A01D2A239B007799B3 /* Image */,
				8E1599281D3DE5690036F337 /* Login */,
				8E1599291D3DE5AA0036F337 /* Main */,
				8E15992A1D3DE5B10036F337 /* Sub */,
				8E6E25831D2A136B007799B3 /* Supporting Files */,
			);
			path = sooljottagrae;
			sourceTree = "<group>";
		};
		8E6E25831D2A136B007799B3 /* Supporting Files */ = {
			isa = PBXGroup;
			children = (
				8E4DE4FC1D40588D000094AF /* MBFingerTipWindow.h */,
				8E4DE4FD1D40588D000094AF /* MBFingerTipWindow.m */,
				8E6E25841D2A136B007799B3 /* main.m */,
			);
			name = "Supporting Files";
			sourceTree = "<group>";
		};
		8E6E25A01D2A239B007799B3 /* Image */ = {
			isa = PBXGroup;
			children = (
				8E6E258F1D2A136B007799B3 /* Assets.xcassets */,
				8E15992B1D3E98E60036F337 /* main.png */,
				8EBD6EFB1D389E96007C1F98 /* refresh.png */,
				8E85CC071D3F053300508985 /* bang.png */,
				8EA4800F1D348E0800512541 /* cocktail-icon1.png */,
				8E6BE7941D2E24210039AB7B /* underline.png */,
				8E6E25A71D2AC0DC007799B3 /* add.png */,
				BF94FB3F1D36AF2000B9FD9F /* alcohols.png */,
				8EA4800B1D3321F200512541 /* 1468215464_COCKTAIL.png */,
				BFF745331D2CFA3D002E6D0B /* Profile1.png */,
				8E6E25A51D2ABC9C007799B3 /* profile.png */,
				8E6E259E1D2A2397007799B3 /* facebook-login.png */,
				8E6E25B81D2B7C83007799B3 /* facebook-logo.png */,
				8E2376801D3C6E4800C7CD80 /* Pen_64x64.png */,
				8E2376811D3C6E4800C7CD80 /* Pen_32x32.png */,
				8E2376821D3C6E4800C7CD80 /* Pen_16x16.png */,
				8E2376831D3C6E4800C7CD80 /* Message_64x64.png */,
				8E2376841D3C6E4800C7CD80 /* Message_32x32.png */,
				8E2376851D3C6E4800C7CD80 /* Message_16x16.png */,
			);
			name = Image;
			path = ..;
			sourceTree = "<group>";
		};
/* End PBXGroup section */

/* Begin PBXNativeTarget section */
		8E6E257F1D2A136A007799B3 /* sooljottagrae */ = {
			isa = PBXNativeTarget;
			buildConfigurationList = 8E6E25971D2A136B007799B3 /* Build configuration list for PBXNativeTarget "sooljottagrae" */;
			buildPhases = (
				412294C1EC0068A2639ED140 /* [CP] Check Pods Manifest.lock */,
				8E6E257C1D2A136A007799B3 /* Sources */,
				8E6E257D1D2A136A007799B3 /* Frameworks */,
				8E6E257E1D2A136A007799B3 /* Resources */,
				40DC4F928CAC15E11200EE7E /* [CP] Embed Pods Frameworks */,
				9D599174066DDCFA4F1EA819 /* [CP] Copy Pods Resources */,
			);
			buildRules = (
			);
			dependencies = (
			);
			name = sooljottagrae;
			productName = sooljottagrae;
			productReference = 8E6E25801D2A136A007799B3 /* 술조타그래_테스트.app */;
			productType = "com.apple.product-type.application";
		};
/* End PBXNativeTarget section */

/* Begin PBXProject section */
		8E6E25781D2A136A007799B3 /* Project object */ = {
			isa = PBXProject;
			attributes = {
				LastUpgradeCheck = 0730;
				ORGANIZATIONNAME = alcoholic;
				TargetAttributes = {
					8E6E257F1D2A136A007799B3 = {
						CreatedOnToolsVersion = 7.3.1;
						DevelopmentTeam = ZF89A9Y4JP;
					};
				};
			};
			buildConfigurationList = 8E6E257B1D2A136A007799B3 /* Build configuration list for PBXProject "sooljottagrae" */;
			compatibilityVersion = "Xcode 3.2";
			developmentRegion = English;
			hasScannedForEncodings = 0;
			knownRegions = (
				en,
				Base,
			);
			mainGroup = 8E6E25771D2A136A007799B3;
			productRefGroup = 8E6E25811D2A136A007799B3 /* Products */;
			projectDirPath = "";
			projectRoot = "";
			targets = (
				8E6E257F1D2A136A007799B3 /* sooljottagrae */,
			);
		};
/* End PBXProject section */

/* Begin PBXResourcesBuildPhase section */
		8E6E257E1D2A136A007799B3 /* Resources */ = {
			isa = PBXResourcesBuildPhase;
			buildActionMask = 2147483647;
			files = (
				8E2376871D3C6E4800C7CD80 /* Pen_32x32.png in Resources */,
				8E85CC081D3F053300508985 /* bang.png in Resources */,
				8E15992C1D3E98E60036F337 /* main.png in Resources */,
				8E2376881D3C6E4800C7CD80 /* Pen_16x16.png in Resources */,
				8E6BE7951D2E24210039AB7B /* underline.png in Resources */,
				8E6E259F1D2A2397007799B3 /* facebook-login.png in Resources */,
				BF94FB401D36AF2000B9FD9F /* alcohols.png in Resources */,
				8EA480101D348E0800512541 /* cocktail-icon1.png in Resources */,
				8E2376861D3C6E4800C7CD80 /* Pen_64x64.png in Resources */,
				8E6E25A81D2AC0DC007799B3 /* add.png in Resources */,
				8EA4800C1D3321F200512541 /* 1468215464_COCKTAIL.png in Resources */,
				8E6E25901D2A136B007799B3 /* Assets.xcassets in Resources */,
				8E6E25B91D2B7C83007799B3 /* facebook-logo.png in Resources */,
				BFAA690C1D3782CD003758CA /* sooljotta.com.cer in Resources */,
				8E23768B1D3C6E4800C7CD80 /* Message_16x16.png in Resources */,
				BF191C071D2CEF7800FE6A9C /* Main1.storyboard in Resources */,
				8E23768A1D3C6E4800C7CD80 /* Message_32x32.png in Resources */,
				8E4DE4F71D3F1A89000094AF /* Launch Screen.storyboard in Resources */,
				8EBD6EFC1D389E96007C1F98 /* refresh.png in Resources */,
				8E6E258E1D2A136B007799B3 /* Main.storyboard in Resources */,
				8E6E25A61D2ABC9C007799B3 /* profile.png in Resources */,
				BFF745341D2CFA3D002E6D0B /* Profile1.png in Resources */,
				8E2376891D3C6E4800C7CD80 /* Message_64x64.png in Resources */,
			);
			runOnlyForDeploymentPostprocessing = 0;
		};
/* End PBXResourcesBuildPhase section */

/* Begin PBXShellScriptBuildPhase section */
		40DC4F928CAC15E11200EE7E /* [CP] Embed Pods Frameworks */ = {
			isa = PBXShellScriptBuildPhase;
			buildActionMask = 2147483647;
			files = (
			);
			inputPaths = (
			);
			name = "[CP] Embed Pods Frameworks";
			outputPaths = (
			);
			runOnlyForDeploymentPostprocessing = 0;
			shellPath = /bin/sh;
			shellScript = "\"${SRCROOT}/Pods/Target Support Files/Pods-sooljottagrae/Pods-sooljottagrae-frameworks.sh\"\n";
			showEnvVarsInLog = 0;
		};
		412294C1EC0068A2639ED140 /* [CP] Check Pods Manifest.lock */ = {
			isa = PBXShellScriptBuildPhase;
			buildActionMask = 2147483647;
			files = (
			);
			inputPaths = (
			);
			name = "[CP] Check Pods Manifest.lock";
			outputPaths = (
			);
			runOnlyForDeploymentPostprocessing = 0;
			shellPath = /bin/sh;
			shellScript = "diff \"${PODS_ROOT}/../Podfile.lock\" \"${PODS_ROOT}/Manifest.lock\" > /dev/null\nif [[ $? != 0 ]] ; then\n    cat << EOM\nerror: The sandbox is not in sync with the Podfile.lock. Run 'pod install' or update your CocoaPods installation.\nEOM\n    exit 1\nfi\n";
			showEnvVarsInLog = 0;
		};
		9D599174066DDCFA4F1EA819 /* [CP] Copy Pods Resources */ = {
			isa = PBXShellScriptBuildPhase;
			buildActionMask = 2147483647;
			files = (
			);
			inputPaths = (
			);
			name = "[CP] Copy Pods Resources";
			outputPaths = (
			);
			runOnlyForDeploymentPostprocessing = 0;
			shellPath = /bin/sh;
			shellScript = "\"${SRCROOT}/Pods/Target Support Files/Pods-sooljottagrae/Pods-sooljottagrae-resources.sh\"\n";
			showEnvVarsInLog = 0;
		};
/* End PBXShellScriptBuildPhase section */

/* Begin PBXSourcesBuildPhase section */
		8E6E257C1D2A136A007799B3 /* Sources */ = {
			isa = PBXSourcesBuildPhase;
			buildActionMask = 2147483647;
			files = (
				BFC1510E1D34E4B700ACF71B /* CircleImageView.m in Sources */,
				BF191C031D2CEF6C00FE6A9C /* SignInViewController.m in Sources */,
				8E6E25B11D2AC39F007799B3 /* MainNavigationSegue.m in Sources */,
				8E4DE4FE1D40588D000094AF /* MBFingerTipWindow.m in Sources */,
				8E6E258B1D2A136B007799B3 /* ViewController.m in Sources */,
				BF227EF01D3628DC0061AE24 /* WritePostViewController.m in Sources */,
				8E6E25881D2A136B007799B3 /* AppDelegate.m in Sources */,
				8E6E25A41D2A3A46007799B3 /* RequestObject.m in Sources */,
				8E4DE5011D424DCA000094AF /* KeychainItemWrapper.m in Sources */,
				8E6E25AB1D2AC24C007799B3 /* MainViewController.m in Sources */,
				BF191C041D2CEF6C00FE6A9C /* WelcomeViewController.m in Sources */,
				BFC1510B1D34A36100ACF71B /* EditMyTagsViewController.m in Sources */,
				BF191C021D2CEF6C00FE6A9C /* SettingViewController.m in Sources */,
				8E6E25B41D2AC703007799B3 /* MostCommentedCollectionViewController.m in Sources */,
				8E4DE4FB1D3F63C6000094AF /* UserObject.m in Sources */,
				8E6E25B71D2AC72B007799B3 /* MyTagsCollectionViewController.m in Sources */,
				8E6E25851D2A136B007799B3 /* main.m in Sources */,
			);
			runOnlyForDeploymentPostprocessing = 0;
		};
/* End PBXSourcesBuildPhase section */

/* Begin PBXVariantGroup section */
		8E6E258C1D2A136B007799B3 /* Main.storyboard */ = {
			isa = PBXVariantGroup;
			children = (
				8E6E258D1D2A136B007799B3 /* Base */,
			);
			name = Main.storyboard;
			sourceTree = "<group>";
		};
		BF191C051D2CEF7800FE6A9C /* Main1.storyboard */ = {
			isa = PBXVariantGroup;
			children = (
				BF191C061D2CEF7800FE6A9C /* Base */,
			);
			name = Main1.storyboard;
			sourceTree = "<group>";
		};
/* End PBXVariantGroup section */

/* Begin XCBuildConfiguration section */
		8E6E25951D2A136B007799B3 /* Debug */ = {
			isa = XCBuildConfiguration;
			buildSettings = {
				ALWAYS_SEARCH_USER_PATHS = NO;
				CLANG_ANALYZER_NONNULL = YES;
				CLANG_CXX_LANGUAGE_STANDARD = "gnu++0x";
				CLANG_CXX_LIBRARY = "libc++";
				CLANG_ENABLE_MODULES = YES;
				CLANG_ENABLE_OBJC_ARC = YES;
				CLANG_WARN_BOOL_CONVERSION = YES;
				CLANG_WARN_CONSTANT_CONVERSION = YES;
				CLANG_WARN_DIRECT_OBJC_ISA_USAGE = YES_ERROR;
				CLANG_WARN_EMPTY_BODY = YES;
				CLANG_WARN_ENUM_CONVERSION = YES;
				CLANG_WARN_INT_CONVERSION = YES;
				CLANG_WARN_OBJC_ROOT_CLASS = YES_ERROR;
				CLANG_WARN_UNREACHABLE_CODE = YES;
				CLANG_WARN__DUPLICATE_METHOD_MATCH = YES;
				"CODE_SIGN_IDENTITY[sdk=iphoneos*]" = "iPhone Developer";
				COPY_PHASE_STRIP = NO;
				DEBUG_INFORMATION_FORMAT = dwarf;
				ENABLE_STRICT_OBJC_MSGSEND = YES;
				ENABLE_TESTABILITY = YES;
				GCC_C_LANGUAGE_STANDARD = gnu99;
				GCC_DYNAMIC_NO_PIC = NO;
				GCC_NO_COMMON_BLOCKS = YES;
				GCC_OPTIMIZATION_LEVEL = 0;
				GCC_PREPROCESSOR_DEFINITIONS = (
					"DEBUG=1",
					"$(inherited)",
				);
				GCC_WARN_64_TO_32_BIT_CONVERSION = YES;
				GCC_WARN_ABOUT_RETURN_TYPE = YES_ERROR;
				GCC_WARN_UNDECLARED_SELECTOR = YES;
				GCC_WARN_UNINITIALIZED_AUTOS = YES_AGGRESSIVE;
				GCC_WARN_UNUSED_FUNCTION = YES;
				GCC_WARN_UNUSED_VARIABLE = YES;
				IPHONEOS_DEPLOYMENT_TARGET = 9.3;
				MTL_ENABLE_DEBUG_INFO = YES;
				ONLY_ACTIVE_ARCH = YES;
				SDKROOT = iphoneos;
			};
			name = Debug;
		};
		8E6E25961D2A136B007799B3 /* Release */ = {
			isa = XCBuildConfiguration;
			buildSettings = {
				ALWAYS_SEARCH_USER_PATHS = NO;
				CLANG_ANALYZER_NONNULL = YES;
				CLANG_CXX_LANGUAGE_STANDARD = "gnu++0x";
				CLANG_CXX_LIBRARY = "libc++";
				CLANG_ENABLE_MODULES = YES;
				CLANG_ENABLE_OBJC_ARC = YES;
				CLANG_WARN_BOOL_CONVERSION = YES;
				CLANG_WARN_CONSTANT_CONVERSION = YES;
				CLANG_WARN_DIRECT_OBJC_ISA_USAGE = YES_ERROR;
				CLANG_WARN_EMPTY_BODY = YES;
				CLANG_WARN_ENUM_CONVERSION = YES;
				CLANG_WARN_INT_CONVERSION = YES;
				CLANG_WARN_OBJC_ROOT_CLASS = YES_ERROR;
				CLANG_WARN_UNREACHABLE_CODE = YES;
				CLANG_WARN__DUPLICATE_METHOD_MATCH = YES;
				"CODE_SIGN_IDENTITY[sdk=iphoneos*]" = "iPhone Developer";
				COPY_PHASE_STRIP = NO;
				DEBUG_INFORMATION_FORMAT = "dwarf-with-dsym";
				ENABLE_NS_ASSERTIONS = NO;
				ENABLE_STRICT_OBJC_MSGSEND = YES;
				GCC_C_LANGUAGE_STANDARD = gnu99;
				GCC_NO_COMMON_BLOCKS = YES;
				GCC_WARN_64_TO_32_BIT_CONVERSION = YES;
				GCC_WARN_ABOUT_RETURN_TYPE = YES_ERROR;
				GCC_WARN_UNDECLARED_SELECTOR = YES;
				GCC_WARN_UNINITIALIZED_AUTOS = YES_AGGRESSIVE;
				GCC_WARN_UNUSED_FUNCTION = YES;
				GCC_WARN_UNUSED_VARIABLE = YES;
				IPHONEOS_DEPLOYMENT_TARGET = 9.3;
				MTL_ENABLE_DEBUG_INFO = NO;
				SDKROOT = iphoneos;
				VALIDATE_PRODUCT = YES;
			};
			name = Release;
		};
		8E6E25981D2A136B007799B3 /* Debug */ = {
			isa = XCBuildConfiguration;
			baseConfigurationReference = B15C28FFCD9018C7E98D18E8 /* Pods-sooljottagrae.debug.xcconfig */;
			buildSettings = {
				ASSETCATALOG_COMPILER_APPICON_NAME = AppIcon;
				CODE_SIGN_IDENTITY = "iPhone Developer";
				"CODE_SIGN_IDENTITY[sdk=iphoneos*]" = "iPhone Developer";
				FRAMEWORK_SEARCH_PATHS = (
					"$(inherited)",
					"$(PROJECT_DIR)",
				);
				GCC_PREFIX_HEADER = "$(SRCROOT)/sooljottagrae-Prefix.pch";
				INFOPLIST_FILE = sooljottagrae/Info.plist;
				LD_RUNPATH_SEARCH_PATHS = "$(inherited) @executable_path/Frameworks";
				PRODUCT_BUNDLE_IDENTIFIER = com.alcoholic.sooljotta;
				PRODUCT_NAME = "술조타그래_테스트";
				PROVISIONING_PROFILE = "";
			};
			name = Debug;
		};
		8E6E25991D2A136B007799B3 /* Release */ = {
			isa = XCBuildConfiguration;
			baseConfigurationReference = 7D328FA704C1AAD3653537A9 /* Pods-sooljottagrae.release.xcconfig */;
			buildSettings = {
				ASSETCATALOG_COMPILER_APPICON_NAME = AppIcon;
				CODE_SIGN_IDENTITY = "iPhone Developer";
				"CODE_SIGN_IDENTITY[sdk=iphoneos*]" = "iPhone Developer";
				FRAMEWORK_SEARCH_PATHS = (
					"$(inherited)",
					"$(PROJECT_DIR)",
				);
				GCC_PREFIX_HEADER = "$(SRCROOT)/sooljottagrae-Prefix.pch";
				INFOPLIST_FILE = sooljottagrae/Info.plist;
				LD_RUNPATH_SEARCH_PATHS = "$(inherited) @executable_path/Frameworks";
				PRODUCT_BUNDLE_IDENTIFIER = com.alcoholic.sooljotta;
				PRODUCT_NAME = "술조타그래";
				PROVISIONING_PROFILE = "";
			};
			name = Release;
		};
/* End XCBuildConfiguration section */

/* Begin XCConfigurationList section */
		8E6E257B1D2A136A007799B3 /* Build configuration list for PBXProject "sooljottagrae" */ = {
			isa = XCConfigurationList;
			buildConfigurations = (
				8E6E25951D2A136B007799B3 /* Debug */,
				8E6E25961D2A136B007799B3 /* Release */,
			);
			defaultConfigurationIsVisible = 0;
			defaultConfigurationName = Release;
		};
		8E6E25971D2A136B007799B3 /* Build configuration list for PBXNativeTarget "sooljottagrae" */ = {
			isa = XCConfigurationList;
			buildConfigurations = (
				8E6E25981D2A136B007799B3 /* Debug */,
				8E6E25991D2A136B007799B3 /* Release */,
			);
			defaultConfigurationIsVisible = 0;
			defaultConfigurationName = Release;
		};
/* End XCConfigurationList section */
	};
	rootObject = 8E6E25781D2A136A007799B3 /* Project object */;
}
